{
  "version": 1,
  "assets": {
    "characters/eric": {
      "full": {
        "sourceChecksum": "sha256:cee5b6cec7c5a8a92721e24764d855326294534a415f98da79954ff8e3c56397",
        "outputPath": "/Users/ianmaccallum/Desktop/florabama/exports/characters/full/eric.png",
        "exportedAt": "2026-07-17T04:03:01.383Z",
        "exportChecksum": "sha256:05c9748679983ce3e4ce1b629cef9a988290ee6e2f697717b8893dde2402f9c3"
      },
      "thumb": {
        "sourceChecksum": "sha256:cee5b6cec7c5a8a92721e24764d855326294534a415f98da79954ff8e3c56397",
        "outputPath": "/Users/ianmaccallum/Desktop/florabama/exports/characters/thumb/eric.png",
        "exportedAt": "2026-07-17T04:03:16.690Z",
        "exportChecksum": "sha256:a8bc34c60a67955fab97e02b18d6407f1f24ed8e991c22e83859553c8ae9ecb4"
      },
      "1200x1200": {
        "sourceChecksum": "sha256:cda0a5a8ccfa855370d8682419cad60f8af69c93fa0ff9106352937720215c20",
        "outputPath": "/Users/ianmaccallum/Desktop/florabama/exports/characters/eric.png",
        "exportedAt": "2026-07-17T03:16:57.356Z",
        "exportChecksum": "sha256:61d5e3c0dcec0cd47a8fa29e5f55173fa67299585dde17136a54e5a15bc24adb"
      }
    },
    "characters/crab": {
      "full": {
        "sourceChecksum": "sha256:2763f2ccccbb2e12f711c0464c4ef0613fe22efae2f8f6606102a24f8ca8a9cc",
        "outputPath": "/Users/ianmaccallum/Desktop/florabama/exports/characters/full/crab.png",
        "exportedAt": "2026-07-17T04:03:10.239Z",
        "exportChecksum": "sha256:05c9748679983ce3e4ce1b629cef9a988290ee6e2f697717b8893dde2402f9c3"
      },
      "thumb": {
        "sourceChecksum": "sha256:2763f2ccccbb2e12f711c0464c4ef0613fe22efae2f8f6606102a24f8ca8a9cc",
        "outputPath": "/Users/ianmaccallum/Desktop/florabama/exports/characters/thumb/crab.png",
        "exportedAt": "2026-07-17T04:03:26.808Z",
        "exportChecksum": "sha256:a8bc34c60a67955fab97e02b18d6407f1f24ed8e991c22e83859553c8ae9ecb4"
      },
      "1200x1200": {
        "sourceChecksum": "sha256:11e19fd10aa93def62301f85c5d3530ffd5c84b90879e5378e73db0ea0979df6",
        "outputPath": "/Users/ianmaccallum/Desktop/florabama/exports/characters/crab.png",
        "exportedAt": "2026-07-17T03:17:06.481Z",
        "exportChecksum": "sha256:61d5e3c0dcec0cd47a8fa29e5f55173fa67299585dde17136a54e5a15bc24adb"
      }
    },
    "characters/ian": {
      "full": {
        "sourceChecksum": "sha256:f4430aaafd7e4ac82b3ddefa9ac846bbc9681ec8fa6315b20cc5e96d50f6a7b1",
        "outputPath": "/Users/ianmaccallum/Desktop/florabama/exports/characters/full/ian.png",
        "exportedAt": "2026-07-17T04:03:02.619Z",
        "exportChecksum": "sha256:05c9748679983ce3e4ce1b629cef9a988290ee6e2f697717b8893dde2402f9c3"
      },
      "thumb": {
        "sourceChecksum": "sha256:f4430aaafd7e4ac82b3ddefa9ac846bbc9681ec8fa6315b20cc5e96d50f6a7b1",
        "outputPath": "/Users/ianmaccallum/Desktop/florabama/exports/characters/thumb/ian.png",
        "exportedAt": "2026-07-17T04:03:18.105Z",
        "exportChecksum": "sha256:a8bc34c60a67955fab97e02b18d6407f1f24ed8e991c22e83859553c8ae9ecb4"
      },
      "1200x1200": {
        "sourceChecksum": "sha256:bde5882d68c8055c0fcbf6696fdda7f82eda4e4c69fba41a670c088d9f177e5a",
        "outputPath": "/Users/ianmaccallum/Desktop/florabama/exports/characters/ian.png",
        "exportedAt": "2026-07-17T03:16:58.660Z",
        "exportChecksum": "sha256:61d5e3c0dcec0cd47a8fa29e5f55173fa67299585dde17136a54e5a15bc24adb"
      }
    },
    "characters/chris": {
      "full": {
        "sourceChecksum": "sha256:1f9caaeb640c4f2026f1e1ee137f2568e8f1d64e55da5933ddc879bf2d2a9fc3",
        "outputPath": "/Users/ianmaccallum/Desktop/florabama/exports/characters/full/chris.png",
        "exportedAt": "2026-07-17T04:03:03.863Z",
        "exportChecksum": "sha256:05c9748679983ce3e4ce1b629cef9a988290ee6e2f697717b8893dde2402f9c3"
      },
      "thumb": {
        "sourceChecksum": "sha256:1f9caaeb640c4f2026f1e1ee137f2568e8f1d64e55da5933ddc879bf2d2a9fc3",
        "outputPath": "/Users/ianmaccallum/Desktop/florabama/exports/characters/thumb/chris.png",
        "exportedAt": "2026-07-17T04:03:19.577Z",
        "exportChecksum": "sha256:a8bc34c60a67955fab97e02b18d6407f1f24ed8e991c22e83859553c8ae9ecb4"
      },
      "1200x1200": {
        "sourceChecksum": "sha256:7b9691a454ed27119f2ed932a5dc7a0aaa565692e775c56035de588650b18006",
        "outputPath": "/Users/ianmaccallum/Desktop/florabama/exports/characters/chris.png",
        "exportedAt": "2026-07-17T03:16:59.984Z",
        "exportChecksum": "sha256:61d5e3c0dcec0cd47a8fa29e5f55173fa67299585dde17136a54e5a15bc24adb"
      }
    },
    "characters/katie": {
      "full": {
        "sourceChecksum": "sha256:740dfcc4b31e1b8a3550c4925c94aa2ce69d3fb63556eefdcd7a3633d992e630",
        "outputPath": "/Users/ianmaccallum/Desktop/florabama/exports/characters/full/katie.png",
        "exportedAt": "2026-07-17T04:03:05.114Z",
        "exportChecksum": "sha256:05c9748679983ce3e4ce1b629cef9a988290ee6e2f697717b8893dde2402f9c3"
      },
      "thumb": {
        "sourceChecksum": "sha256:740dfcc4b31e1b8a3550c4925c94aa2ce69d3fb63556eefdcd7a3633d992e630",
        "outputPath": "/Users/ianmaccallum/Desktop/florabama/exports/characters/thumb/katie.png",
        "exportedAt": "2026-07-17T04:03:21.013Z",
        "exportChecksum": "sha256:a8bc34c60a67955fab97e02b18d6407f1f24ed8e991c22e83859553c8ae9ecb4"
      },
      "1200x1200": {
        "sourceChecksum": "sha256:14dc143d1f633b3177643ef4dcd8852bb79dbb41f001ac11c0300945d07404c8",
        "outputPath": "/Users/ianmaccallum/Desktop/florabama/exports/characters/katie.png",
        "exportedAt": "2026-07-17T03:17:01.470Z",
        "exportChecksum": "sha256:61d5e3c0dcec0cd47a8fa29e5f55173fa67299585dde17136a54e5a15bc24adb"
      }
    },
    "characters/grace": {
      "full": {
        "sourceChecksum": "sha256:d807175314a7ba52f96a7298a7062e2739c724033c8a6df54513233db6d445c1",
        "outputPath": "/Users/ianmaccallum/Desktop/florabama/exports/characters/full/grace.png",
        "exportedAt": "2026-07-17T04:07:55.609Z",
        "exportChecksum": "sha256:05c9748679983ce3e4ce1b629cef9a988290ee6e2f697717b8893dde2402f9c3"
      },
      "thumb": {
        "sourceChecksum": "sha256:d807175314a7ba52f96a7298a7062e2739c724033c8a6df54513233db6d445c1",
        "outputPath": "/Users/ianmaccallum/Desktop/florabama/exports/characters/thumb/grace.png",
        "exportedAt": "2026-07-17T04:07:57.047Z",
        "exportChecksum": "sha256:a8bc34c60a67955fab97e02b18d6407f1f24ed8e991c22e83859553c8ae9ecb4"
      },
      "1200x1200": {
        "sourceChecksum": "sha256:e5f1f34bb965b667f29dc417af9bb65decc6c1e83bfd073f5f9df9d12dcee1b6",
        "outputPath": "/Users/ianmaccallum/Desktop/florabama/exports/characters/grace.png",
        "exportedAt": "2026-07-17T03:17:02.659Z",
        "exportChecksum": "sha256:61d5e3c0dcec0cd47a8fa29e5f55173fa67299585dde17136a54e5a15bc24adb"
      }
    },
    "characters/ben": {
      "full": {
        "sourceChecksum": "sha256:05ca71b276577e05055d096f58192f273c5feb36d9864cd997535c3abcabb590",
        "outputPath": "/Users/ianmaccallum/Desktop/florabama/exports/characters/full/ben.png",
        "exportedAt": "2026-07-17T04:03:07.738Z",
        "exportChecksum": "sha256:05c9748679983ce3e4ce1b629cef9a988290ee6e2f697717b8893dde2402f9c3"
      },
      "thumb": {
        "sourceChecksum": "sha256:05ca71b276577e05055d096f58192f273c5feb36d9864cd997535c3abcabb590",
        "outputPath": "/Users/ianmaccallum/Desktop/florabama/exports/characters/thumb/ben.png",
        "exportedAt": "2026-07-17T04:03:23.881Z",
        "exportChecksum": "sha256:a8bc34c60a67955fab97e02b18d6407f1f24ed8e991c22e83859553c8ae9ecb4"
      },
      "1200x1200": {
        "sourceChecksum": "sha256:8da58727d096737f30d434e54c875f1115c58bcc4b3748fc6d99476df0ac25f3",
        "outputPath": "/Users/ianmaccallum/Desktop/florabama/exports/characters/ben.png",
        "exportedAt": "2026-07-17T03:17:03.933Z",
        "exportChecksum": "sha256:61d5e3c0dcec0cd47a8fa29e5f55173fa67299585dde17136a54e5a15bc24adb"
      }
    },
    "characters/sarah": {
      "full": {
        "sourceChecksum": "sha256:a91cb4c5692cc892757d9f556eb74aa6f1181032ce464cefe19dd922156218cc",
        "outputPath": "/Users/ianmaccallum/Desktop/florabama/exports/characters/full/sarah.png",
        "exportedAt": "2026-07-17T04:03:08.982Z",
        "exportChecksum": "sha256:05c9748679983ce3e4ce1b629cef9a988290ee6e2f697717b8893dde2402f9c3"
      },
      "thumb": {
        "sourceChecksum": "sha256:a91cb4c5692cc892757d9f556eb74aa6f1181032ce464cefe19dd922156218cc",
        "outputPath": "/Users/ianmaccallum/Desktop/florabama/exports/characters/thumb/sarah.png",
        "exportedAt": "2026-07-17T04:03:25.339Z",
        "exportChecksum": "sha256:a8bc34c60a67955fab97e02b18d6407f1f24ed8e991c22e83859553c8ae9ecb4"
      },
      "1200x1200": {
        "sourceChecksum": "sha256:40fe3dc9021b84f659f603f28fafe90a3399a3374386cc93661be0bbee085d16",
        "outputPath": "/Users/ianmaccallum/Desktop/florabama/exports/characters/sarah.png",
        "exportedAt": "2026-07-17T03:17:05.214Z",
        "exportChecksum": "sha256:61d5e3c0dcec0cd47a8fa29e5f55173fa67299585dde17136a54e5a15bc24adb"
      }
    },
    "lineup/lineup": {
      "review": {
        "sourceChecksum": "sha256:105a51b51f829530d881b7f6f5b5b44eb53346fe18b7697d2f8c8c8d10b2c0e3",
        "outputPath": "/Users/ianmaccallum/Desktop/florabama/exports/lineup/lineup.png",
        "exportedAt": "2026-07-17T04:08:17.533Z",
        "exportChecksum": "sha256:18c13a61a7be0b995e6f62bb97e9e6326dcaf64903695b3bf671c0cc65432f29"
      }
    },
    "characters/seagull": {
      "1200x1200": {
        "sourceChecksum": "sha256:0e54e6b438f1ea6a57d917f042d6ec6c31b2c3ddaa2ed1adb9bf62594be9f516",
        "outputPath": "/Users/ianmaccallum/Desktop/florabama/exports/characters/seagull.png",
        "exportedAt": "2026-07-17T03:17:07.768Z",
        "exportChecksum": "sha256:61d5e3c0dcec0cd47a8fa29e5f55173fa67299585dde17136a54e5a15bc24adb"
      },
      "full": {
        "sourceChecksum": "sha256:d7e4266925553b63b2257c2a72cbb01229e0d36b52ed6cd7f2e3095db598a886",
        "outputPath": "/Users/ianmaccallum/Desktop/florabama/exports/characters/full/seagull.png",
        "exportedAt": "2026-07-17T04:03:11.483Z",
        "exportChecksum": "sha256:05c9748679983ce3e4ce1b629cef9a988290ee6e2f697717b8893dde2402f9c3"
      },
      "thumb": {
        "sourceChecksum": "sha256:d7e4266925553b63b2257c2a72cbb01229e0d36b52ed6cd7f2e3095db598a886",
        "outputPath": "/Users/ianmaccallum/Desktop/florabama/exports/characters/thumb/seagull.png",
        "exportedAt": "2026-07-17T04:03:28.244Z",
        "exportChecksum": "sha256:a8bc34c60a67955fab97e02b18d6407f1f24ed8e991c22e83859553c8ae9ecb4"
      }
    },
    "characters/turtle": {
      "1200x1200": {
        "sourceChecksum": "sha256:571f3ee0a6f859aeaf2e0b9079c62263aa50d697c5aab7acdd8f4857d67be693",
        "outputPath": "/Users/ianmaccallum/Desktop/florabama/exports/characters/turtle.png",
        "exportedAt": "2026-07-17T03:17:08.955Z",
        "exportChecksum": "sha256:61d5e3c0dcec0cd47a8fa29e5f55173fa67299585dde17136a54e5a15bc24adb"
      },
      "full": {
        "sourceChecksum": "sha256:29ada60d9accedd2f4f507564e96d48431c0d080427d9ebf6041d2462bb58373",
        "outputPath": "/Users/ianmaccallum/Desktop/florabama/exports/characters/full/turtle.png",
        "exportedAt": "2026-07-17T04:03:12.726Z",
        "exportChecksum": "sha256:05c9748679983ce3e4ce1b629cef9a988290ee6e2f697717b8893dde2402f9c3"
      },
      "thumb": {
        "sourceChecksum": "sha256:29ada60d9accedd2f4f507564e96d48431c0d080427d9ebf6041d2462bb58373",
        "outputPath": "/Users/ianmaccallum/Desktop/florabama/exports/characters/thumb/turtle.png",
        "exportedAt": "2026-07-17T04:03:29.676Z",
        "exportChecksum": "sha256:a8bc34c60a67955fab97e02b18d6407f1f24ed8e991c22e83859553c8ae9ecb4"
      }
    },
    "characters/pelican": {
      "1200x1200": {
        "sourceChecksum": "sha256:5260ab84e47850255f65b9ab654072a404405081328166239660059fec3ec2d4",
        "outputPath": "/Users/ianmaccallum/Desktop/florabama/exports/characters/pelican.png",
        "exportedAt": "2026-07-17T03:17:10.205Z",
        "exportChecksum": "sha256:61d5e3c0dcec0cd47a8fa29e5f55173fa67299585dde17136a54e5a15bc24adb"
      },
      "full": {
        "sourceChecksum": "sha256:76be3ae4bf1a7e8dae4095e5c505a37aa143e463ac39ce0839933178633cee4b",
        "outputPath": "/Users/ianmaccallum/Desktop/florabama/exports/characters/full/pelican.png",
        "exportedAt": "2026-07-17T04:03:13.984Z",
        "exportChecksum": "sha256:05c9748679983ce3e4ce1b629cef9a988290ee6e2f697717b8893dde2402f9c3"
      },
      "thumb": {
        "sourceChecksum": "sha256:76be3ae4bf1a7e8dae4095e5c505a37aa143e463ac39ce0839933178633cee4b",
        "outputPath": "/Users/ianmaccallum/Desktop/florabama/exports/characters/thumb/pelican.png",
        "exportedAt": "2026-07-17T04:03:31.128Z",
        "exportChecksum": "sha256:a8bc34c60a67955fab97e02b18d6407f1f24ed8e991c22e83859553c8ae9ecb4"
      }
    },
    "characters/fish": {
      "1200x1200": {
        "sourceChecksum": "sha256:ae81d7acf44a1a3ecbbae6a5388565109db4d5b6f6fc75c5a256229f7e3a292a",
        "outputPath": "/Users/ianmaccallum/Desktop/florabama/exports/characters/fish.png",
        "exportedAt": "2026-07-17T03:17:11.372Z",
        "exportChecksum": "sha256:61d5e3c0dcec0cd47a8fa29e5f55173fa67299585dde17136a54e5a15bc24adb"
      },
      "full": {
        "sourceChecksum": "sha256:ee586ae6d8593451272e573ddc0f13d10b358528d3ce4c3838101ac8cd516259",
        "outputPath": "/Users/ianmaccallum/Desktop/florabama/exports/characters/full/fish.png",
        "exportedAt": "2026-07-17T04:03:15.228Z",
        "exportChecksum": "sha256:05c9748679983ce3e4ce1b629cef9a988290ee6e2f697717b8893dde2402f9c3"
      },
      "thumb": {
        "sourceChecksum": "sha256:ee586ae6d8593451272e573ddc0f13d10b358528d3ce4c3838101ac8cd516259",
        "outputPath": "/Users/ianmaccallum/Desktop/florabama/exports/characters/thumb/fish.png",
        "exportedAt": "2026-07-17T04:03:32.565Z",
        "exportChecksum": "sha256:a8bc34c60a67955fab97e02b18d6407f1f24ed8e991c22e83859553c8ae9ecb4"
      }
    },
    "pages/00-cover": {
      "print": {
        "sourceChecksum": "sha256:77706b5e99f2c9a5f127556bf370aec99e307e496b087be218cb11048b5b253f",
        "outputPath": "/Users/ianmaccallum/Desktop/florabama/exports/pages/00-cover.png",
        "exportedAt": "2026-07-17T04:23:45.246Z",
        "exportChecksum": "sha256:0bc0cb6f8f8c063d800960518bfa627b827b23cc40a90b206b0ebcf9b7e462ea"
      },
      "web": {
        "sourceChecksum": "sha256:77706b5e99f2c9a5f127556bf370aec99e307e496b087be218cb11048b5b253f",
        "outputPath": "/Users/ianmaccallum/Desktop/florabama/web/public/pages/00-cover.png",
        "exportedAt": "2026-07-17T04:23:47.189Z",
        "exportChecksum": "sha256:a7be589253765bfce4855481c99e96a37f9e05bc2bd2c91ce624275979e4dfa2"
      }
    }
  }
}
